
Microsoft Visual Studio Solution File, Format Version 12.00
# Visual Studio Version 16
VisualStudioVersion = 16.0.32802.440
MinimumVisualStudioVersion = 10.0.40219.1
Project("{FAE04EC0-301F-11D3-BF4B-00C04F79EFBC}") = "MAYShop", "MAYShop.csproj", "{656C0040-52C9-4208-9A12-8FA798D9D8FB}"
EndProject
Global
	GlobalSection(SolutionConfigurationPlatforms) = preSolution
		Debug|Any CPU = Debug|Any CPU
		Release|Any CPU = Release|Any CPU
	EndGlobalSection
	GlobalSection(ProjectConfigurationPlatforms) = postSolution
		{656C0040-52C9-4208-9A12-8FA798D9D8FB}.Debug|Any CPU.ActiveCfg = Debug|Any CPU
		{656C0040-52C9-4208-9A12-8FA798D9D8FB}.Debug|Any CPU.Build.0 = Debug|Any CPU
		{656C0040-52C9-4208-9A12-8FA798D9D8FB}.Release|Any CPU.ActiveCfg = Release|Any CPU
		{656C0040-52C9-4208-9A12-8FA798D9D8FB}.Release|Any CPU.Build.0 = Release|Any CPU
	EndGlobalSection
	GlobalSection(SolutionProperties) = preSolution
		HideSolutionNode = FALSE
	EndGlobalSection
	GlobalSection(ExtensibilityGlobals) = postSolution
		SolutionGuid = {5F5DEF1B-C2D8-4C8C-B26B-1C3A3AF62F2C}
	EndGlobalSection
EndGlobal
